// !$*UTF8*$!
{
	archiveVersion = 1;
	classes = {
	};
	objectVersion = 46;
	objects = {

/* Begin PBXBuildFile section */
		72D3AC281E5A1A8700900361 /* AppDelegate.swift in Sources */ = {isa = PBXBuildFile; fileRef = 72D3AC271E5A1A8700900361 /* AppDelegate.swift */; };
		72D3AC2A1E5A1A8700900361 /* ViewController.swift in Sources */ = {isa = PBXBuildFile; fileRef = 72D3AC291E5A1A8700900361 /* ViewController.swift */; };
		72D3AC2C1E5A1A8700900361 /* Assets.xcassets in Resources */ = {isa = PBXBuildFile; fileRef = 72D3AC2B1E5A1A8700900361 /* Assets.xcassets */; };
		72D3AC2F1E5A1A8700900361 /* Main.storyboard in Resources */ = {isa = PBXBuildFile; fileRef = 72D3AC2D1E5A1A8700900361 /* Main.storyboard */; };
		72D3AC3A1E5A1A8800900361 /* GeneticAlgorithmStringMatchTests.swift in Sources */ = {isa = PBXBuildFile; fileRef = 72D3AC391E5A1A8800900361 /* GeneticAlgorithmStringMatchTests.swift */; };
		72D3AC451E5A1C0C00900361 /* DNA.swift in Sources */ = {isa = PBXBuildFile; fileRef = 72D3AC441E5A1C0C00900361 /* DNA.swift */; };
		72D3AC471E5A1C9500900361 /* GeneticAlgorithm.swift in Sources */ = {isa = PBXBuildFile; fileRef = 72D3AC461E5A1C9500900361 /* GeneticAlgorithm.swift */; };
/* End PBXBuildFile section */

/* Begin PBXContainerItemProxy section */
		72D3AC361E5A1A8800900361 /* PBXContainerItemProxy */ = {
			isa = PBXContainerItemProxy;
			containerPortal = 72D3AC1C1E5A1A8700900361 /* Project object */;
			proxyType = 1;
			remoteGlobalIDString = 72D3AC231E5A1A8700900361;
			remoteInfo = GeneticAlgorithmStringMatch;
		};
/* End PBXContainerItemProxy section */

/* Begin PBXFileReference section */
		72D3AC241E5A1A8700900361 /* GeneticAlgorithmStringMatch.app */ = {isa = PBXFileReference; explicitFileType = wrapper.application; includeInIndex = 0; path = GeneticAlgorithmStringMatch.app; sourceTree = BUILT_PRODUCTS_DIR; };
		72D3AC271E5A1A8700900361 /* AppDelegate.swift */ = {isa = PBXFileReference; lastKnownFileType = sourcecode.swift; path = AppDelegate.swift; sourceTree = "<group>"; };
		72D3AC291E5A1A8700900361 /* ViewController.swift */ = {isa = PBXFileReference; lastKnownFileType = sourcecode.swift; path = ViewController.swift; sourceTree = "<group>"; };
		72D3AC2B1E5A1A8700900361 /* Assets.xcassets */ = {isa = PBXFileReference; lastKnownFileType = folder.assetcatalog; path = Assets.xcassets; sourceTree = "<group>"; };
		72D3AC2E1E5A1A8700900361 /* Base */ = {isa = PBXFileReference; lastKnownFileType = file.storyboard; name = Base; path = Base.lproj/Main.storyboard; sourceTree = "<group>"; };
		72D3AC301E5A1A8700900361 /* Info.plist */ = {isa = PBXFileReference; lastKnownFileType = text.plist.xml; path = Info.plist; sourceTree = "<group>"; };
		72D3AC351E5A1A8800900361 /* GeneticAlgorithmStringMatchTests.xctest */ = {isa = PBXFileReference; explicitFileType = wrapper.cfbundle; includeInIndex = 0; path = GeneticAlgorithmStringMatchTests.xctest; sourceTree = BUILT_PRODUCTS_DIR; };
		72D3AC391E5A1A8800900361 /* GeneticAlgorithmStringMatchTests.swift */ = {isa = PBXFileReference; lastKnownFileType = sourcecode.swift; path = GeneticAlgorithmStringMatchTests.swift; sourceTree = "<group>"; };
		72D3AC3B1E5A1A8800900361 /* Info.plist */ = {isa = PBXFileReference; lastKnownFileType = text.plist.xml; path = Info.plist; sourceTree = "<group>"; };
		72D3AC441E5A1C0C00900361 /* DNA.swift */ = {isa = PBXFileReference; fileEncoding = 4; lastKnownFileType = sourcecode.swift; path = DNA.swift; sourceTree = "<group>"; };
		72D3AC461E5A1C9500900361 /* GeneticAlgorithm.swift */ = {isa = PBXFileReference; fileEncoding = 4; lastKnownFileType = sourcecode.swift; path = GeneticAlgorithm.swift; sourceTree = "<group>"; };
/* End PBXFileReference section */

/* Begin PBXFrameworksBuildPhase section */
		72D3AC211E5A1A8700900361 /* Frameworks */ = {
			isa = PBXFrameworksBuildPhase;
			buildActionMask = 2147483647;
			files = (
			);
			runOnlyForDeploymentPostprocessing = 0;
		};
		72D3AC321E5A1A8800900361 /* Frameworks */ = {
			isa = PBXFrameworksBuildPhase;
			buildActionMask = 2147483647;
			files = (
			);
			runOnlyForDeploymentPostprocessing = 0;
		};
/* End PBXFrameworksBuildPhase section */

/* Begin PBXGroup section */
		72D3AC1B1E5A1A8700900361 = {
			isa = PBXGroup;
			children = (
				72D3AC261E5A1A8700900361 /* GeneticAlgorithmStringMatch */,
				72D3AC381E5A1A8800900361 /* GeneticAlgorithmStringMatchTests */,
				72D3AC251E5A1A8700900361 /* Products */,
			);
			sourceTree = "<group>";
		};
		72D3AC251E5A1A8700900361 /* Products */ = {
			isa = PBXGroup;
			children = (
				72D3AC241E5A1A8700900361 /* GeneticAlgorithmStringMatch.app */,
				72D3AC351E5A1A8800900361 /* GeneticAlgorithmStringMatchTests.xctest */,
			);
			name = Products;
			sourceTree = "<group>";
		};
		72D3AC261E5A1A8700900361 /* GeneticAlgorithmStringMatch */ = {
			isa = PBXGroup;
			children = (
				72D3AC271E5A1A8700900361 /* AppDelegate.swift */,
				72D3AC291E5A1A8700900361 /* ViewController.swift */,
				72D3AC2B1E5A1A8700900361 /* Assets.xcassets */,
				72D3AC2D1E5A1A8700900361 /* Main.storyboard */,
				72D3AC301E5A1A8700900361 /* Info.plist */,
				72D3AC441E5A1C0C00900361 /* DNA.swift */,
				72D3AC461E5A1C9500900361 /* GeneticAlgorithm.swift */,
			);
			path = GeneticAlgorithmStringMatch;
			sourceTree = "<group>";
		};
		72D3AC381E5A1A8800900361 /* GeneticAlgorithmStringMatchTests */ = {
			isa = PBXGroup;
			children = (
				72D3AC391E5A1A8800900361 /* GeneticAlgorithmStringMatchTests.swift */,
				72D3AC3B1E5A1A8800900361 /* Info.plist */,
			);
			path = GeneticAlgorithmStringMatchTests;
			sourceTree = "<group>";
		};
/* End PBXGroup section */

/* Begin PBXNativeTarget section */
		72D3AC231E5A1A8700900361 /* GeneticAlgorithmStringMatch */ = {
			isa = PBXNativeTarget;
			buildConfigurationList = 72D3AC3E1E5A1A8800900361 /* Build configuration list for PBXNativeTarget "GeneticAlgorithmStringMatch" */;
			buildPhases = (
				72D3AC201E5A1A8700900361 /* Sources */,
				72D3AC211E5A1A8700900361 /* Frameworks */,
				72D3AC221E5A1A8700900361 /* Resources */,
			);
			buildRules = (
			);
			dependencies = (
			);
			name = GeneticAlgorithmStringMatch;
			productName = GeneticAlgorithmStringMatch;
			productReference = 72D3AC241E5A1A8700900361 /* GeneticAlgorithmStringMatch.app */;
			productType = "com.apple.product-type.application";
		};
		72D3AC341E5A1A8800900361 /* GeneticAlgorithmStringMatchTests */ = {
			isa = PBXNativeTarget;
			buildConfigurationList = 72D3AC411E5A1A8800900361 /* Build configuration list for PBXNativeTarget "GeneticAlgorithmStringMatchTests" */;
			buildPhases = (
				72D3AC311E5A1A8800900361 /* Sources */,
				72D3AC321E5A1A8800900361 /* Frameworks */,
				72D3AC331E5A1A8800900361 /* Resources */,
			);
			buildRules = (
			);
			dependencies = (
				72D3AC371E5A1A8800900361 /* PBXTargetDependency */,
			);
			name = GeneticAlgorithmStringMatchTests;
			productName = GeneticAlgorithmStringMatchTests;
			productReference = 72D3AC351E5A1A8800900361 /* GeneticAlgorithmStringMatchTests.xctest */;
			productType = "com.apple.product-type.bundle.unit-test";
		};
/* End PBXNativeTarget section */

/* Begin PBXProject section */
		72D3AC1C1E5A1A8700900361 /* Project object */ = {
			isa = PBXProject;
			attributes = {
				LastSwiftUpdateCheck = 0820;
				LastUpgradeCheck = 0820;
				ORGANIZATIONNAME = "Joel Middendorf";
				TargetAttributes = {
					72D3AC231E5A1A8700900361 = {
						CreatedOnToolsVersion = 8.2.1;
						DevelopmentTeam = Q4RC2376N3;
						ProvisioningStyle = Automatic;
					};
					72D3AC341E5A1A8800900361 = {
						CreatedOnToolsVersion = 8.2.1;
						DevelopmentTeam = Q4RC2376N3;
						ProvisioningStyle = Automatic;
						TestTargetID = 72D3AC231E5A1A8700900361;
					};
				};
			};
			buildConfigurationList = 72D3AC1F1E5A1A8700900361 /* Build configuration list for PBXProject "GeneticAlgorithmStringMatch" */;
			compatibilityVersion = "Xcode 3.2";
			developmentRegion = English;
			hasScannedForEncodings = 0;
			knownRegions = (
				en,
				Base,
			);
			mainGroup = 72D3AC1B1E5A1A8700900361;
			productRefGroup = 72D3AC251E5A1A8700900361 /* Products */;
			projectDirPath = "";
			projectRoot = "";
			targets = (
				72D3AC231E5A1A8700900361 /* GeneticAlgorithmStringMatch */,
				72D3AC341E5A1A8800900361 /* GeneticAlgorithmStringMatchTests */,
			);
		};
/* End PBXProject section */

/* Begin PBXResourcesBuildPhase section */
		72D3AC221E5A1A8700900361 /* Resources */ = {
			isa = PBXResourcesBuildPhase;
			buildActionMask = 2147483647;
			files = (
				72D3AC2C1E5A1A8700900361 /* Assets.xcassets in Resources */,
				72D3AC2F1E5A1A8700900361 /* Main.storyboard in Resources */,
			);
			runOnlyForDeploymentPostprocessing = 0;
		};
		72D3AC331E5A1A8800900361 /* Resources */ = {
			isa = PBXResourcesBuildPhase;
			buildActionMask = 2147483647;
			files = (
			);
			runOnlyForDeploymentPostprocessing = 0;
		};
/* End PBXResourcesBuildPhase section */

/* Begin PBXSourcesBuildPhase section */
		72D3AC201E5A1A8700900361 /* Sources */ = {
			isa = PBXSourcesBuildPhase;
			buildActionMask = 2147483647;
			files = (
				72D3AC2A1E5A1A8700900361 /* ViewController.swift in Sources */,
				72D3AC451E5A1C0C00900361 /* DNA.swift in Sources */,
				72D3AC281E5A1A8700900361 /* AppDelegate.swift in Sources */,
				72D3AC471E5A1C9500900361 /* GeneticAlgorithm.swift in Sources */,
			);
			runOnlyForDeploymentPostprocessing = 0;
		};
		72D3AC311E5A1A8800900361 /* Sources */ = {
			isa = PBXSourcesBuildPhase;
			buildActionMask = 2147483647;
			files = (
				72D3AC3A1E5A1A8800900361 /* GeneticAlgorithmStringMatchTests.swift in Sources */,
			);
			runOnlyForDeploymentPostprocessing = 0;
		};
/* End PBXSourcesBuildPhase section */

/* Begin PBXTargetDependency section */
		72D3AC371E5A1A8800900361 /* PBXTargetDependency */ = {
			isa = PBXTargetDependency;
			target = 72D3AC231E5A1A8700900361 /* GeneticAlgorithmStringMatch */;
			targetProxy = 72D3AC361E5A1A8800900361 /* PBXContainerItemProxy */;
		};
/* End PBXTargetDependency section */

/* Begin PBXVariantGroup section */
		72D3AC2D1E5A1A8700900361 /* Main.storyboard */ = {
			isa = PBXVariantGroup;
			children = (
				72D3AC2E1E5A1A8700900361 /* Base */,
			);
			name = Main.storyboard;
			sourceTree = "<group>";
		};
/* End PBXVariantGroup section */

/* Begin XCBuildConfiguration section */
		72D3AC3C1E5A1A8800900361 /* Debug */ = {
			isa = XCBuildConfiguration;
			buildSettings = {
				ALWAYS_SEARCH_USER_PATHS = NO;
				CLANG_ANALYZER_NONNULL = YES;
				CLANG_CXX_LANGUAGE_STANDARD = "gnu++0x";
				CLANG_CXX_LIBRARY = "libc++";
				CLANG_ENABLE_MODULES = YES;
				CLANG_ENABLE_OBJC_ARC = YES;
				CLANG_WARN_BOOL_CONVERSION = YES;
				CLANG_WARN_CONSTANT_CONVERSION = YES;
				CLANG_WARN_DIRECT_OBJC_ISA_USAGE = YES_ERROR;
				CLANG_WARN_DOCUMENTATION_COMMENTS = YES;
				CLANG_WARN_EMPTY_BODY = YES;
				CLANG_WARN_ENUM_CONVERSION = YES;
				CLANG_WARN_INFINITE_RECURSION = YES;
				CLANG_WARN_INT_CONVERSION = YES;
				CLANG_WARN_OBJC_ROOT_CLASS = YES_ERROR;
				CLANG_WARN_SUSPICIOUS_MOVE = YES;
				CLANG_WARN_UNREACHABLE_CODE = YES;
				CLANG_WARN__DUPLICATE_METHOD_MATCH = YES;
				CODE_SIGN_IDENTITY = "-";
				COPY_PHASE_STRIP = NO;
				DEBUG_INFORMATION_FORMAT = dwarf;
				ENABLE_STRICT_OBJC_MSGSEND = YES;
				ENABLE_TESTABILITY = YES;
				GCC_C_LANGUAGE_STANDARD = gnu99;
				GCC_DYNAMIC_NO_PIC = NO;
				GCC_NO_COMMON_BLOCKS = YES;
				GCC_OPTIMIZATION_LEVEL = 0;
				GCC_PREPROCESSOR_DEFINITIONS = (
					"DEBUG=1",
					"$(inherited)",
				);
				GCC_WARN_64_TO_32_BIT_CONVERSION = YES;
				GCC_WARN_ABOUT_RETURN_TYPE = YES_ERROR;
				GCC_WARN_UNDECLARED_SELECTOR = YES;
				GCC_WARN_UNINITIALIZED_AUTOS = YES_AGGRESSIVE;
				GCC_WARN_UNUSED_FUNCTION = YES;
				GCC_WARN_UNUSED_VARIABLE = YES;
				MACOSX_DEPLOYMENT_TARGET = 10.12;
				MTL_ENABLE_DEBUG_INFO = YES;
				ONLY_ACTIVE_ARCH = YES;
				SDKROOT = macosx;
				SWIFT_ACTIVE_COMPILATION_CONDITIONS = DEBUG;
				SWIFT_OPTIMIZATION_LEVEL = "-Onone";
			};
			name = Debug;
		};
		72D3AC3D1E5A1A8800900361 /* Release */ = {
			isa = XCBuildConfiguration;
			buildSettings = {
				ALWAYS_SEARCH_USER_PATHS = NO;
				CLANG_ANALYZER_NONNULL = YES;
				CLANG_CXX_LANGUAGE_STANDARD = "gnu++0x";
				CLANG_CXX_LIBRARY = "libc++";
				CLANG_ENABLE_MODULES = YES;
				CLANG_ENABLE_OBJC_ARC = YES;
				CLANG_WARN_BOOL_CONVERSION = YES;
				CLANG_WARN_CONSTANT_CONVERSION = YES;
				CLANG_WARN_DIRECT_OBJC_ISA_USAGE = YES_ERROR;
				CLANG_WARN_DOCUMENTATION_COMMENTS = YES;
				CLANG_WARN_EMPTY_BODY = YES;
				CLANG_WARN_ENUM_CONVERSION = YES;
				CLANG_WARN_INFINITE_RECURSION = YES;
				CLANG_WARN_INT_CONVERSION = YES;
				CLANG_WARN_OBJC_ROOT_CLASS = YES_ERROR;
				CLANG_WARN_SUSPICIOUS_MOVE = YES;
				CLANG_WARN_UNREACHABLE_CODE = YES;
				CLANG_WARN__DUPLICATE_METHOD_MATCH = YES;
				CODE_SIGN_IDENTITY = "-";
				COPY_PHASE_STRIP = NO;
				DEBUG_INFORMATION_FORMAT = "dwarf-with-dsym";
				ENABLE_NS_ASSERTIONS = NO;
				ENABLE_STRICT_OBJC_MSGSEND = YES;
				GCC_C_LANGUAGE_STANDARD = gnu99;
				GCC_NO_COMMON_BLOCKS = YES;
				GCC_WARN_64_TO_32_BIT_CONVERSION = YES;
				GCC_WARN_ABOUT_RETURN_TYPE = YES_ERROR;
				GCC_WARN_UNDECLARED_SELECTOR = YES;
				GCC_WARN_UNINITIALIZED_AUTOS = YES_AGGRESSIVE;
				GCC_WARN_UNUSED_FUNCTION = YES;
				GCC_WARN_UNUSED_VARIABLE = YES;
				MACOSX_DEPLOYMENT_TARGET = 10.12;
				MTL_ENABLE_DEBUG_INFO = NO;
				SDKROOT = macosx;
				SWIFT_OPTIMIZATION_LEVEL = "-Owholemodule";
			};
			name = Release;
		};
		72D3AC3F1E5A1A8800900361 /* Debug */ = {
			isa = XCBuildConfiguration;
			buildSettings = {
				ASSETCATALOG_COMPILER_APPICON_NAME = AppIcon;
				COMBINE_HIDPI_IMAGES = YES;
				DEVELOPMENT_TEAM = Q4RC2376N3;
				INFOPLIST_FILE = GeneticAlgorithmStringMatch/Info.plist;
				LD_RUNPATH_SEARCH_PATHS = "$(inherited) @executable_path/../Frameworks";
				PRODUCT_BUNDLE_IDENTIFIER = it.1964js..GeneticAlgorithmStringMatch;
				PRODUCT_NAME = "$(TARGET_NAME)";
				SWIFT_VERSION = 3.0;
			};
			name = Debug;
		};
		72D3AC401E5A1A8800900361 /* Release */ = {
			isa = XCBuildConfiguration;
			buildSettings = {
				ASSETCATALOG_COMPILER_APPICON_NAME = AppIcon;
				COMBINE_HIDPI_IMAGES = YES;
				DEVELOPMENT_TEAM = Q4RC2376N3;
				INFOPLIST_FILE = GeneticAlgorithmStringMatch/Info.plist;
				LD_RUNPATH_SEARCH_PATHS = "$(inherited) @executable_path/../Frameworks";
				PRODUCT_BUNDLE_IDENTIFIER = it.1964js..GeneticAlgorithmStringMatch;
				PRODUCT_NAME = "$(TARGET_NAME)";
				SWIFT_VERSION = 3.0;
			};
			name = Release;
		};
		72D3AC421E5A1A8800900361 /* Debug */ = {
			isa = XCBuildConfiguration;
			buildSettings = {
				ALWAYS_EMBED_SWIFT_STANDARD_LIBRARIES = YES;
				BUNDLE_LOADER = "$(TEST_HOST)";
				COMBINE_HIDPI_IMAGES = YES;
				DEVELOPMENT_TEAM = Q4RC2376N3;
				INFOPLIST_FILE = GeneticAlgorithmStringMatchTests/Info.plist;
				LD_RUNPATH_SEARCH_PATHS = "$(inherited) @executable_path/../Frameworks @loader_path/../Frameworks";
				PRODUCT_BUNDLE_IDENTIFIER = it.1964js..GeneticAlgorithmStringMatchTests;
				PRODUCT_NAME = "$(TARGET_NAME)";
				SWIFT_VERSION = 3.0;
				TEST_HOST = "$(BUILT_PRODUCTS_DIR)/GeneticAlgorithmStringMatch.app/Contents/MacOS/GeneticAlgorithmStringMatch";
			};
			name = Debug;
		};
		72D3AC431E5A1A8800900361 /* Release */ = {
			isa = XCBuildConfiguration;
			buildSettings = {
				ALWAYS_EMBED_SWIFT_STANDARD_LIBRARIES = YES;
				BUNDLE_LOADER = "$(TEST_HOST)";
				COMBINE_HIDPI_IMAGES = YES;
				DEVELOPMENT_TEAM = Q4RC2376N3;
				INFOPLIST_FILE = GeneticAlgorithmStringMatchTests/Info.plist;
				LD_RUNPATH_SEARCH_PATHS = "$(inherited) @executable_path/../Frameworks @loader_path/../Frameworks";
				PRODUCT_BUNDLE_IDENTIFIER = it.1964js..GeneticAlgorithmStringMatchTests;
				PRODUCT_NAME = "$(TARGET_NAME)";
				SWIFT_VERSION = 3.0;
				TEST_HOST = "$(BUILT_PRODUCTS_DIR)/GeneticAlgorithmStringMatch.app/Contents/MacOS/GeneticAlgorithmStringMatch";
			};
			name = Release;
		};
/* End XCBuildConfiguration section */

/* Begin XCConfigurationList section */
		72D3AC1F1E5A1A8700900361 /* Build configuration list for PBXProject "GeneticAlgorithmStringMatch" */ = {
			isa = XCConfigurationList;
			buildConfigurations = (
				72D3AC3C1E5A1A8800900361 /* Debug */,
				72D3AC3D1E5A1A8800900361 /* Release */,
			);
			defaultConfigurationIsVisible = 0;
			defaultConfigurationName = Release;
		};
		72D3AC3E1E5A1A8800900361 /* Build configuration list for PBXNativeTarget "GeneticAlgorithmStringMatch" */ = {
			isa = XCConfigurationList;
			buildConfigurations = (
				72D3AC3F1E5A1A8800900361 /* Debug */,
				72D3AC401E5A1A8800900361 /* Release */,
			);
			defaultConfigurationIsVisible = 0;
			defaultConfigurationName = Release;
		};
		72D3AC411E5A1A8800900361 /* Build configuration list for PBXNativeTarget "GeneticAlgorithmStringMatchTests" */ = {
			isa = XCConfigurationList;
			buildConfigurations = (
				72D3AC421E5A1A8800900361 /* Debug */,
				72D3AC431E5A1A8800900361 /* Release */,
			);
			defaultConfigurationIsVisible = 0;
			defaultConfigurationName = Release;
		};
/* End XCConfigurationList section */
	};
	rootObject = 72D3AC1C1E5A1A8700900361 /* Project object */;
}
